
Microsoft Visual Studio Solution File, Format Version 12.00
# Visual Studio Version 16
VisualStudioVersion = 16.0.29613.14
MinimumVisualStudioVersion = 10.0.40219.1
Project("{FAE04EC0-301F-11D3-BF4B-00C04F79EFBC}") = "GFT_Starters_Timeline", "GFT_Starters_Timeline.csproj", "{941F190D-C2C2-4E7E-8F80-7B60E7C3ECB0}"
EndProject
Global
	GlobalSection(SolutionConfigurationPlatforms) = preSolution
		Debug|Any CPU = Debug|Any CPU
		Release|Any CPU = Release|Any CPU
	EndGlobalSection
	GlobalSection(ProjectConfigurationPlatforms) = postSolution
		{941F190D-C2C2-4E7E-8F80-7B60E7C3ECB0}.Debug|Any CPU.ActiveCfg = Debug|Any CPU
		{941F190D-C2C2-4E7E-8F80-7B60E7C3ECB0}.Debug|Any CPU.Build.0 = Debug|Any CPU
		{941F190D-C2C2-4E7E-8F80-7B60E7C3ECB0}.Release|Any CPU.ActiveCfg = Release|Any CPU
		{941F190D-C2C2-4E7E-8F80-7B60E7C3ECB0}.Release|Any CPU.Build.0 = Release|Any CPU
	EndGlobalSection
	GlobalSection(SolutionProperties) = preSolution
		HideSolutionNode = FALSE
	EndGlobalSection
	GlobalSection(ExtensibilityGlobals) = postSolution
		SolutionGuid = {4EDEC671-7449-41FB-A56D-21434F45816D}
	EndGlobalSection
EndGlobal
